
Microsoft Visual Studio Solution File, Format Version 12.00
# Visual Studio Version 17
VisualStudioVersion = 17.0.31903.59
MinimumVisualStudioVersion = 10.0.40219.1
Project("{FAE04EC0-301F-11D3-BF4B-00C04F79EFBC}") = "RazorpayClient47", "RazorpayClient47.csproj", "{062285FD-C192-4AE4-82E9-B9E907B66D01}"
EndProject
Global
	GlobalSection(SolutionConfigurationPlatforms) = preSolution
		Debug|Any CPU = Debug|Any CPU
		Release|Any CPU = Release|Any CPU
	EndGlobalSection
	GlobalSection(ProjectConfigurationPlatforms) = postSolution
		{062285FD-C192-4AE4-82E9-B9E907B66D01}.Debug|Any CPU.ActiveCfg = Debug|Any CPU
		{062285FD-C192-4AE4-82E9-B9E907B66D01}.Debug|Any CPU.Build.0 = Debug|Any CPU
		{062285FD-C192-4AE4-82E9-B9E907B66D01}.Release|Any CPU.ActiveCfg = Release|Any CPU
		{062285FD-C192-4AE4-82E9-B9E907B66D01}.Release|Any CPU.Build.0 = Release|Any CPU
	EndGlobalSection
	GlobalSection(SolutionProperties) = preSolution
		HideSolutionNode = FALSE
	EndGlobalSection
	GlobalSection(ExtensibilityGlobals) = postSolution
		SolutionGuid = {B963178F-5F3D-47E3-B877-F5185E45BEC9}
	EndGlobalSection
EndGlobal
